
Microsoft Visual Studio Solution File, Format Version 12.00
# Visual Studio 14
VisualStudioVersion = 14.0.25420.1
MinimumVisualStudioVersion = 10.0.40219.1
Project("{FAE04EC0-301F-11D3-BF4B-00C04F79EFBC}") = "NextLevelForms.Android", "NextLevelForms\NextLevelForms.Android\NextLevelForms.Android.csproj", "{723F11CD-227C-47BF-A677-29277B73BF95}"
EndProject
Project("{FAE04EC0-301F-11D3-BF4B-00C04F79EFBC}") = "NextLevelForms", "NextLevelForms\NextLevelForms\NextLevelForms.csproj", "{49DC5A2F-E01C-432F-A4F4-5DEFF3F24F62}"
EndProject
Project("{FAE04EC0-301F-11D3-BF4B-00C04F79EFBC}") = "NextLevelForms.UWP", "NextLevelForms\NextLevelForms.UWP\NextLevelForms.UWP.csproj", "{3C2B650E-D4B4-439B-9739-3CC656BCB6EE}"
EndProject
Project("{FAE04EC0-301F-11D3-BF4B-00C04F79EFBC}") = "NextLevelForms.iOS", "NextLevelForms\NextLevelForms.iOS\NextLevelForms.iOS.csproj", "{C48516F7-721F-490F-AE3D-AF03BE1A89C2}"
EndProject
Global
	GlobalSection(SolutionConfigurationPlatforms) = preSolution
		Ad-Hoc|Any CPU = Ad-Hoc|Any CPU
		Ad-Hoc|ARM = Ad-Hoc|ARM
		Ad-Hoc|iPhone = Ad-Hoc|iPhone
		Ad-Hoc|iPhoneSimulator = Ad-Hoc|iPhoneSimulator
		Ad-Hoc|x64 = Ad-Hoc|x64
		Ad-Hoc|x86 = Ad-Hoc|x86
		AppStore|Any CPU = AppStore|Any CPU
		AppStore|ARM = AppStore|ARM
		AppStore|iPhone = AppStore|iPhone
		AppStore|iPhoneSimulator = AppStore|iPhoneSimulator
		AppStore|x64 = AppStore|x64
		AppStore|x86 = AppStore|x86
		Debug|Any CPU = Debug|Any CPU
		Debug|ARM = Debug|ARM
		Debug|iPhone = Debug|iPhone
		Debug|iPhoneSimulator = Debug|iPhoneSimulator
		Debug|x64 = Debug|x64
		Debug|x86 = Debug|x86
		Release|Any CPU = Release|Any CPU
		Release|ARM = Release|ARM
		Release|iPhone = Release|iPhone
		Release|iPhoneSimulator = Release|iPhoneSimulator
		Release|x64 = Release|x64
		Release|x86 = Release|x86
	EndGlobalSection
	GlobalSection(ProjectConfigurationPlatforms) = postSolution
		{723F11CD-227C-47BF-A677-29277B73BF95}.Ad-Hoc|Any CPU.ActiveCfg = Release|Any CPU
		{723F11CD-227C-47BF-A677-29277B73BF95}.Ad-Hoc|Any CPU.Build.0 = Release|Any CPU
		{723F11CD-227C-47BF-A677-29277B73BF95}.Ad-Hoc|Any CPU.Deploy.0 = Release|Any CPU
		{723F11CD-227C-47BF-A677-29277B73BF95}.Ad-Hoc|ARM.ActiveCfg = Release|Any CPU
		{723F11CD-227C-47BF-A677-29277B73BF95}.Ad-Hoc|ARM.Build.0 = Release|Any CPU
		{723F11CD-227C-47BF-A677-29277B73BF95}.Ad-Hoc|ARM.Deploy.0 = Release|Any CPU
		{723F11CD-227C-47BF-A677-29277B73BF95}.Ad-Hoc|iPhone.ActiveCfg = Release|Any CPU
		{723F11CD-227C-47BF-A677-29277B73BF95}.Ad-Hoc|iPhone.Build.0 = Release|Any CPU
		{723F11CD-227C-47BF-A677-29277B73BF95}.Ad-Hoc|iPhone.Deploy.0 = Release|Any CPU
		{723F11CD-227C-47BF-A677-29277B73BF95}.Ad-Hoc|iPhoneSimulator.ActiveCfg = Release|Any CPU
		{723F11CD-227C-47BF-A677-29277B73BF95}.Ad-Hoc|iPhoneSimulator.Build.0 = Release|Any CPU
		{723F11CD-227C-47BF-A677-29277B73BF95}.Ad-Hoc|iPhoneSimulator.Deploy.0 = Release|Any CPU
		{723F11CD-227C-47BF-A677-29277B73BF95}.Ad-Hoc|x64.ActiveCfg = Release|Any CPU
		{723F11CD-227C-47BF-A677-29277B73BF95}.Ad-Hoc|x64.Build.0 = Release|Any CPU
		{723F11CD-227C-47BF-A677-29277B73BF95}.Ad-Hoc|x64.Deploy.0 = Release|Any CPU
		{723F11CD-227C-47BF-A677-29277B73BF95}.Ad-Hoc|x86.ActiveCfg = Release|Any CPU
		{723F11CD-227C-47BF-A677-29277B73BF95}.Ad-Hoc|x86.Build.0 = Release|Any CPU
		{723F11CD-227C-47BF-A677-29277B73BF95}.Ad-Hoc|x86.Deploy.0 = Release|Any CPU
		{723F11CD-227C-47BF-A677-29277B73BF95}.AppStore|Any CPU.ActiveCfg = Release|Any CPU
		{723F11CD-227C-47BF-A677-29277B73BF95}.AppStore|Any CPU.Build.0 = Release|Any CPU
		{723F11CD-227C-47BF-A677-29277B73BF95}.AppStore|Any CPU.Deploy.0 = Release|Any CPU
		{723F11CD-227C-47BF-A677-29277B73BF95}.AppStore|ARM.ActiveCfg = Release|Any CPU
		{723F11CD-227C-47BF-A677-29277B73BF95}.AppStore|ARM.Build.0 = Release|Any CPU
		{723F11CD-227C-47BF-A677-29277B73BF95}.AppStore|ARM.Deploy.0 = Release|Any CPU
		{723F11CD-227C-47BF-A677-29277B73BF95}.AppStore|iPhone.ActiveCfg = Release|Any CPU
		{723F11CD-227C-47BF-A677-29277B73BF95}.AppStore|iPhone.Build.0 = Release|Any CPU
		{723F11CD-227C-47BF-A677-29277B73BF95}.AppStore|iPhone.Deploy.0 = Release|Any CPU
		{723F11CD-227C-47BF-A677-29277B73BF95}.AppStore|iPhoneSimulator.ActiveCfg = Release|Any CPU
		{723F11CD-227C-47BF-A677-29277B73BF95}.AppStore|iPhoneSimulator.Build.0 = Release|Any CPU
		{723F11CD-227C-47BF-A677-29277B73BF95}.AppStore|iPhoneSimulator.Deploy.0 = Release|Any CPU
		{723F11CD-227C-47BF-A677-29277B73BF95}.AppStore|x64.ActiveCfg = Release|Any CPU
		{723F11CD-227C-47BF-A677-29277B73BF95}.AppStore|x64.Build.0 = Release|Any CPU
		{723F11CD-227C-47BF-A677-29277B73BF95}.AppStore|x64.Deploy.0 = Release|Any CPU
		{723F11CD-227C-47BF-A677-29277B73BF95}.AppStore|x86.ActiveCfg = Release|Any CPU
		{723F11CD-227C-47BF-A677-29277B73BF95}.AppStore|x86.Build.0 = Release|Any CPU
		{723F11CD-227C-47BF-A677-29277B73BF95}.AppStore|x86.Deploy.0 = Release|Any CPU
		{723F11CD-227C-47BF-A677-29277B73BF95}.Debug|Any CPU.ActiveCfg = Debug|Any CPU
		{723F11CD-227C-47BF-A677-29277B73BF95}.Debug|Any CPU.Build.0 = Debug|Any CPU
		{723F11CD-227C-47BF-A677-29277B73BF95}.Debug|Any CPU.Deploy.0 = Debug|Any CPU
		{723F11CD-227C-47BF-A677-29277B73BF95}.Debug|ARM.ActiveCfg = Debug|Any CPU
		{723F11CD-227C-47BF-A677-29277B73BF95}.Debug|ARM.Build.0 = Debug|Any CPU
		{723F11CD-227C-47BF-A677-29277B73BF95}.Debug|ARM.Deploy.0 = Debug|Any CPU
		{723F11CD-227C-47BF-A677-29277B73BF95}.Debug|iPhone.ActiveCfg = Debug|Any CPU
		{723F11CD-227C-47BF-A677-29277B73BF95}.Debug|iPhone.Build.0 = Debug|Any CPU
		{723F11CD-227C-47BF-A677-29277B73BF95}.Debug|iPhone.Deploy.0 = Debug|Any CPU
		{723F11CD-227C-47BF-A677-29277B73BF95}.Debug|iPhoneSimulator.ActiveCfg = Debug|Any CPU
		{723F11CD-227C-47BF-A677-29277B73BF95}.Debug|iPhoneSimulator.Build.0 = Debug|Any CPU
		{723F11CD-227C-47BF-A677-29277B73BF95}.Debug|iPhoneSimulator.Deploy.0 = Debug|Any CPU
		{723F11CD-227C-47BF-A677-29277B73BF95}.Debug|x64.ActiveCfg = Debug|Any CPU
		{723F11CD-227C-47BF-A677-29277B73BF95}.Debug|x64.Build.0 = Debug|Any CPU
		{723F11CD-227C-47BF-A677-29277B73BF95}.Debug|x64.Deploy.0 = Debug|Any CPU
		{723F11CD-227C-47BF-A677-29277B73BF95}.Debug|x86.ActiveCfg = Debug|Any CPU
		{723F11CD-227C-47BF-A677-29277B73BF95}.Debug|x86.Build.0 = Debug|Any CPU
		{723F11CD-227C-47BF-A677-29277B73BF95}.Debug|x86.Deploy.0 = Debug|Any CPU
		{723F11CD-227C-47BF-A677-29277B73BF95}.Release|Any CPU.ActiveCfg = Release|Any CPU
		{723F11CD-227C-47BF-A677-29277B73BF95}.Release|Any CPU.Build.0 = Release|Any CPU
		{723F11CD-227C-47BF-A677-29277B73BF95}.Release|Any CPU.Deploy.0 = Release|Any CPU
		{723F11CD-227C-47BF-A677-29277B73BF95}.Release|ARM.ActiveCfg = Release|Any CPU
		{723F11CD-227C-47BF-A677-29277B73BF95}.Release|ARM.Build.0 = Release|Any CPU
		{723F11CD-227C-47BF-A677-29277B73BF95}.Release|ARM.Deploy.0 = Release|Any CPU
		{723F11CD-227C-47BF-A677-29277B73BF95}.Release|iPhone.ActiveCfg = Release|Any CPU
		{723F11CD-227C-47BF-A677-29277B73BF95}.Release|iPhone.Build.0 = Release|Any CPU
		{723F11CD-227C-47BF-A677-29277B73BF95}.Release|iPhone.Deploy.0 = Release|Any CPU
		{723F11CD-227C-47BF-A677-29277B73BF95}.Release|iPhoneSimulator.ActiveCfg = Release|Any CPU
		{723F11CD-227C-47BF-A677-29277B73BF95}.Release|iPhoneSimulator.Build.0 = Release|Any CPU
		{723F11CD-227C-47BF-A677-29277B73BF95}.Release|iPhoneSimulator.Deploy.0 = Release|Any CPU
		{723F11CD-227C-47BF-A677-29277B73BF95}.Release|x64.ActiveCfg = Release|Any CPU
		{723F11CD-227C-47BF-A677-29277B73BF95}.Release|x64.Build.0 = Release|Any CPU
		{723F11CD-227C-47BF-A677-29277B73BF95}.Release|x64.Deploy.0 = Release|Any CPU
		{723F11CD-227C-47BF-A677-29277B73BF95}.Release|x86.ActiveCfg = Release|Any CPU
		{723F11CD-227C-47BF-A677-29277B73BF95}.Release|x86.Build.0 = Release|Any CPU
		{723F11CD-227C-47BF-A677-29277B73BF95}.Release|x86.Deploy.0 = Release|Any CPU
		{49DC5A2F-E01C-432F-A4F4-5DEFF3F24F62}.Ad-Hoc|Any CPU.ActiveCfg = Release|Any CPU
		{49DC5A2F-E01C-432F-A4F4-5DEFF3F24F62}.Ad-Hoc|Any CPU.Build.0 = Release|Any CPU
		{49DC5A2F-E01C-432F-A4F4-5DEFF3F24F62}.Ad-Hoc|ARM.ActiveCfg = Release|Any CPU
		{49DC5A2F-E01C-432F-A4F4-5DEFF3F24F62}.Ad-Hoc|ARM.Build.0 = Release|Any CPU
		{49DC5A2F-E01C-432F-A4F4-5DEFF3F24F62}.Ad-Hoc|iPhone.ActiveCfg = Release|Any CPU
		{49DC5A2F-E01C-432F-A4F4-5DEFF3F24F62}.Ad-Hoc|iPhone.Build.0 = Release|Any CPU
		{49DC5A2F-E01C-432F-A4F4-5DEFF3F24F62}.Ad-Hoc|iPhoneSimulator.ActiveCfg = Release|Any CPU
		{49DC5A2F-E01C-432F-A4F4-5DEFF3F24F62}.Ad-Hoc|iPhoneSimulator.Build.0 = Release|Any CPU
		{49DC5A2F-E01C-432F-A4F4-5DEFF3F24F62}.Ad-Hoc|x64.ActiveCfg = Release|Any CPU
		{49DC5A2F-E01C-432F-A4F4-5DEFF3F24F62}.Ad-Hoc|x64.Build.0 = Release|Any CPU
		{49DC5A2F-E01C-432F-A4F4-5DEFF3F24F62}.Ad-Hoc|x86.ActiveCfg = Release|Any CPU
		{49DC5A2F-E01C-432F-A4F4-5DEFF3F24F62}.Ad-Hoc|x86.Build.0 = Release|Any CPU
		{49DC5A2F-E01C-432F-A4F4-5DEFF3F24F62}.AppStore|Any CPU.ActiveCfg = Release|Any CPU
		{49DC5A2F-E01C-432F-A4F4-5DEFF3F24F62}.AppStore|Any CPU.Build.0 = Release|Any CPU
		{49DC5A2F-E01C-432F-A4F4-5DEFF3F24F62}.AppStore|ARM.ActiveCfg = Release|Any CPU
		{49DC5A2F-E01C-432F-A4F4-5DEFF3F24F62}.AppStore|ARM.Build.0 = Release|Any CPU
		{49DC5A2F-E01C-432F-A4F4-5DEFF3F24F62}.AppStore|iPhone.ActiveCfg = Release|Any CPU
		{49DC5A2F-E01C-432F-A4F4-5DEFF3F24F62}.AppStore|iPhone.Build.0 = Release|Any CPU
		{49DC5A2F-E01C-432F-A4F4-5DEFF3F24F62}.AppStore|iPhoneSimulator.ActiveCfg = Release|Any CPU
		{49DC5A2F-E01C-432F-A4F4-5DEFF3F24F62}.AppStore|iPhoneSimulator.Build.0 = Release|Any CPU
		{49DC5A2F-E01C-432F-A4F4-5DEFF3F24F62}.AppStore|x64.ActiveCfg = Release|Any CPU
		{49DC5A2F-E01C-432F-A4F4-5DEFF3F24F62}.AppStore|x64.Build.0 = Release|Any CPU
		{49DC5A2F-E01C-432F-A4F4-5DEFF3F24F62}.AppStore|x86.ActiveCfg = Release|Any CPU
		{49DC5A2F-E01C-432F-A4F4-5DEFF3F24F62}.AppStore|x86.Build.0 = Release|Any CPU
		{49DC5A2F-E01C-432F-A4F4-5DEFF3F24F62}.Debug|Any CPU.ActiveCfg = Debug|Any CPU
		{49DC5A2F-E01C-432F-A4F4-5DEFF3F24F62}.Debug|Any CPU.Build.0 = Debug|Any CPU
		{49DC5A2F-E01C-432F-A4F4-5DEFF3F24F62}.Debug|ARM.ActiveCfg = Debug|Any CPU
		{49DC5A2F-E01C-432F-A4F4-5DEFF3F24F62}.Debug|ARM.Build.0 = Debug|Any CPU
		{49DC5A2F-E01C-432F-A4F4-5DEFF3F24F62}.Debug|iPhone.ActiveCfg = Debug|Any CPU
		{49DC5A2F-E01C-432F-A4F4-5DEFF3F24F62}.Debug|iPhone.Build.0 = Debug|Any CPU
		{49DC5A2F-E01C-432F-A4F4-5DEFF3F24F62}.Debug|iPhoneSimulator.ActiveCfg = Debug|Any CPU
		{49DC5A2F-E01C-432F-A4F4-5DEFF3F24F62}.Debug|iPhoneSimulator.Build.0 = Debug|Any CPU
		{49DC5A2F-E01C-432F-A4F4-5DEFF3F24F62}.Debug|x64.ActiveCfg = Debug|Any CPU
		{49DC5A2F-E01C-432F-A4F4-5DEFF3F24F62}.Debug|x64.Build.0 = Debug|Any CPU
		{49DC5A2F-E01C-432F-A4F4-5DEFF3F24F62}.Debug|x86.ActiveCfg = Debug|Any CPU
		{49DC5A2F-E01C-432F-A4F4-5DEFF3F24F62}.Debug|x86.Build.0 = Debug|Any CPU
		{49DC5A2F-E01C-432F-A4F4-5DEFF3F24F62}.Release|Any CPU.ActiveCfg = Release|Any CPU
		{49DC5A2F-E01C-432F-A4F4-5DEFF3F24F62}.Release|Any CPU.Build.0 = Release|Any CPU
		{49DC5A2F-E01C-432F-A4F4-5DEFF3F24F62}.Release|ARM.ActiveCfg = Release|Any CPU
		{49DC5A2F-E01C-432F-A4F4-5DEFF3F24F62}.Release|ARM.Build.0 = Release|Any CPU
		{49DC5A2F-E01C-432F-A4F4-5DEFF3F24F62}.Release|iPhone.ActiveCfg = Release|Any CPU
		{49DC5A2F-E01C-432F-A4F4-5DEFF3F24F62}.Release|iPhone.Build.0 = Release|Any CPU
		{49DC5A2F-E01C-432F-A4F4-5DEFF3F24F62}.Release|iPhoneSimulator.ActiveCfg = Release|Any CPU
		{49DC5A2F-E01C-432F-A4F4-5DEFF3F24F62}.Release|iPhoneSimulator.Build.0 = Release|Any CPU
		{49DC5A2F-E01C-432F-A4F4-5DEFF3F24F62}.Release|x64.ActiveCfg = Release|Any CPU
		{49DC5A2F-E01C-432F-A4F4-5DEFF3F24F62}.Release|x64.Build.0 = Release|Any CPU
		{49DC5A2F-E01C-432F-A4F4-5DEFF3F24F62}.Release|x86.ActiveCfg = Release|Any CPU
		{49DC5A2F-E01C-432F-A4F4-5DEFF3F24F62}.Release|x86.Build.0 = Release|Any CPU
		{3C2B650E-D4B4-439B-9739-3CC656BCB6EE}.Ad-Hoc|Any CPU.ActiveCfg = Release|x86
		{3C2B650E-D4B4-439B-9739-3CC656BCB6EE}.Ad-Hoc|Any CPU.Build.0 = Release|x86
		{3C2B650E-D4B4-439B-9739-3CC656BCB6EE}.Ad-Hoc|Any CPU.Deploy.0 = Release|x86
		{3C2B650E-D4B4-439B-9739-3CC656BCB6EE}.Ad-Hoc|ARM.ActiveCfg = Release|ARM
		{3C2B650E-D4B4-439B-9739-3CC656BCB6EE}.Ad-Hoc|ARM.Build.0 = Release|ARM
		{3C2B650E-D4B4-439B-9739-3CC656BCB6EE}.Ad-Hoc|ARM.Deploy.0 = Release|ARM
		{3C2B650E-D4B4-439B-9739-3CC656BCB6EE}.Ad-Hoc|iPhone.ActiveCfg = Release|x86
		{3C2B650E-D4B4-439B-9739-3CC656BCB6EE}.Ad-Hoc|iPhone.Build.0 = Release|x86
		{3C2B650E-D4B4-439B-9739-3CC656BCB6EE}.Ad-Hoc|iPhone.Deploy.0 = Release|x86
		{3C2B650E-D4B4-439B-9739-3CC656BCB6EE}.Ad-Hoc|iPhoneSimulator.ActiveCfg = Release|x86
		{3C2B650E-D4B4-439B-9739-3CC656BCB6EE}.Ad-Hoc|iPhoneSimulator.Build.0 = Release|x86
		{3C2B650E-D4B4-439B-9739-3CC656BCB6EE}.Ad-Hoc|iPhoneSimulator.Deploy.0 = Release|x86
		{3C2B650E-D4B4-439B-9739-3CC656BCB6EE}.Ad-Hoc|x64.ActiveCfg = Release|x64
		{3C2B650E-D4B4-439B-9739-3CC656BCB6EE}.Ad-Hoc|x64.Build.0 = Release|x64
		{3C2B650E-D4B4-439B-9739-3CC656BCB6EE}.Ad-Hoc|x64.Deploy.0 = Release|x64
		{3C2B650E-D4B4-439B-9739-3CC656BCB6EE}.Ad-Hoc|x86.ActiveCfg = Release|x86
		{3C2B650E-D4B4-439B-9739-3CC656BCB6EE}.Ad-Hoc|x86.Build.0 = Release|x86
		{3C2B650E-D4B4-439B-9739-3CC656BCB6EE}.Ad-Hoc|x86.Deploy.0 = Release|x86
		{3C2B650E-D4B4-439B-9739-3CC656BCB6EE}.AppStore|Any CPU.ActiveCfg = Release|x86
		{3C2B650E-D4B4-439B-9739-3CC656BCB6EE}.AppStore|Any CPU.Build.0 = Release|x86
		{3C2B650E-D4B4-439B-9739-3CC656BCB6EE}.AppStore|Any CPU.Deploy.0 = Release|x86
		{3C2B650E-D4B4-439B-9739-3CC656BCB6EE}.AppStore|ARM.ActiveCfg = Release|ARM
		{3C2B650E-D4B4-439B-9739-3CC656BCB6EE}.AppStore|ARM.Build.0 = Release|ARM
		{3C2B650E-D4B4-439B-9739-3CC656BCB6EE}.AppStore|ARM.Deploy.0 = Release|ARM
		{3C2B650E-D4B4-439B-9739-3CC656BCB6EE}.AppStore|iPhone.ActiveCfg = Release|x86
		{3C2B650E-D4B4-439B-9739-3CC656BCB6EE}.AppStore|iPhone.Build.0 = Release|x86
		{3C2B650E-D4B4-439B-9739-3CC656BCB6EE}.AppStore|iPhone.Deploy.0 = Release|x86
		{3C2B650E-D4B4-439B-9739-3CC656BCB6EE}.AppStore|iPhoneSimulator.ActiveCfg = Release|x86
		{3C2B650E-D4B4-439B-9739-3CC656BCB6EE}.AppStore|iPhoneSimulator.Build.0 = Release|x86
		{3C2B650E-D4B4-439B-9739-3CC656BCB6EE}.AppStore|iPhoneSimulator.Deploy.0 = Release|x86
		{3C2B650E-D4B4-439B-9739-3CC656BCB6EE}.AppStore|x64.ActiveCfg = Release|x64
		{3C2B650E-D4B4-439B-9739-3CC656BCB6EE}.AppStore|x64.Build.0 = Release|x64
		{3C2B650E-D4B4-439B-9739-3CC656BCB6EE}.AppStore|x64.Deploy.0 = Release|x64
		{3C2B650E-D4B4-439B-9739-3CC656BCB6EE}.AppStore|x86.ActiveCfg = Release|x86
		{3C2B650E-D4B4-439B-9739-3CC656BCB6EE}.AppStore|x86.Build.0 = Release|x86
		{3C2B650E-D4B4-439B-9739-3CC656BCB6EE}.AppStore|x86.Deploy.0 = Release|x86
		{3C2B650E-D4B4-439B-9739-3CC656BCB6EE}.Debug|Any CPU.ActiveCfg = Debug|x86
		{3C2B650E-D4B4-439B-9739-3CC656BCB6EE}.Debug|Any CPU.Build.0 = Debug|x86
		{3C2B650E-D4B4-439B-9739-3CC656BCB6EE}.Debug|Any CPU.Deploy.0 = Debug|x86
		{3C2B650E-D4B4-439B-9739-3CC656BCB6EE}.Debug|ARM.ActiveCfg = Debug|ARM
		{3C2B650E-D4B4-439B-9739-3CC656BCB6EE}.Debug|ARM.Build.0 = Debug|ARM
		{3C2B650E-D4B4-439B-9739-3CC656BCB6EE}.Debug|ARM.Deploy.0 = Debug|ARM
		{3C2B650E-D4B4-439B-9739-3CC656BCB6EE}.Debug|iPhone.ActiveCfg = Debug|x86
		{3C2B650E-D4B4-439B-9739-3CC656BCB6EE}.Debug|iPhoneSimulator.ActiveCfg = Debug|x86
		{3C2B650E-D4B4-439B-9739-3CC656BCB6EE}.Debug|x64.ActiveCfg = Debug|x64
		{3C2B650E-D4B4-439B-9739-3CC656BCB6EE}.Debug|x64.Build.0 = Debug|x64
		{3C2B650E-D4B4-439B-9739-3CC656BCB6EE}.Debug|x64.Deploy.0 = Debug|x64
		{3C2B650E-D4B4-439B-9739-3CC656BCB6EE}.Debug|x86.ActiveCfg = Debug|x86
		{3C2B650E-D4B4-439B-9739-3CC656BCB6EE}.Debug|x86.Build.0 = Debug|x86
		{3C2B650E-D4B4-439B-9739-3CC656BCB6EE}.Debug|x86.Deploy.0 = Debug|x86
		{3C2B650E-D4B4-439B-9739-3CC656BCB6EE}.Release|Any CPU.ActiveCfg = Release|x86
		{3C2B650E-D4B4-439B-9739-3CC656BCB6EE}.Release|ARM.ActiveCfg = Release|ARM
		{3C2B650E-D4B4-439B-9739-3CC656BCB6EE}.Release|ARM.Build.0 = Release|ARM
		{3C2B650E-D4B4-439B-9739-3CC656BCB6EE}.Release|ARM.Deploy.0 = Release|ARM
		{3C2B650E-D4B4-439B-9739-3CC656BCB6EE}.Release|iPhone.ActiveCfg = Release|x86
		{3C2B650E-D4B4-439B-9739-3CC656BCB6EE}.Release|iPhoneSimulator.ActiveCfg = Release|x86
		{3C2B650E-D4B4-439B-9739-3CC656BCB6EE}.Release|x64.ActiveCfg = Release|x64
		{3C2B650E-D4B4-439B-9739-3CC656BCB6EE}.Release|x64.Build.0 = Release|x64
		{3C2B650E-D4B4-439B-9739-3CC656BCB6EE}.Release|x64.Deploy.0 = Release|x64
		{3C2B650E-D4B4-439B-9739-3CC656BCB6EE}.Release|x86.ActiveCfg = Release|x86
		{3C2B650E-D4B4-439B-9739-3CC656BCB6EE}.Release|x86.Build.0 = Release|x86
		{3C2B650E-D4B4-439B-9739-3CC656BCB6EE}.Release|x86.Deploy.0 = Release|x86
		{C48516F7-721F-490F-AE3D-AF03BE1A89C2}.Ad-Hoc|Any CPU.ActiveCfg = Ad-Hoc|iPhone
		{C48516F7-721F-490F-AE3D-AF03BE1A89C2}.Ad-Hoc|ARM.ActiveCfg = Ad-Hoc|iPhone
		{C48516F7-721F-490F-AE3D-AF03BE1A89C2}.Ad-Hoc|iPhone.ActiveCfg = Ad-Hoc|iPhone
		{C48516F7-721F-490F-AE3D-AF03BE1A89C2}.Ad-Hoc|iPhone.Build.0 = Ad-Hoc|iPhone
		{C48516F7-721F-490F-AE3D-AF03BE1A89C2}.Ad-Hoc|iPhoneSimulator.ActiveCfg = Ad-Hoc|iPhoneSimulator
		{C48516F7-721F-490F-AE3D-AF03BE1A89C2}.Ad-Hoc|iPhoneSimulator.Build.0 = Ad-Hoc|iPhoneSimulator
		{C48516F7-721F-490F-AE3D-AF03BE1A89C2}.Ad-Hoc|x64.ActiveCfg = Ad-Hoc|iPhone
		{C48516F7-721F-490F-AE3D-AF03BE1A89C2}.Ad-Hoc|x86.ActiveCfg = Ad-Hoc|iPhone
		{C48516F7-721F-490F-AE3D-AF03BE1A89C2}.AppStore|Any CPU.ActiveCfg = AppStore|iPhone
		{C48516F7-721F-490F-AE3D-AF03BE1A89C2}.AppStore|ARM.ActiveCfg = AppStore|iPhone
		{C48516F7-721F-490F-AE3D-AF03BE1A89C2}.AppStore|iPhone.ActiveCfg = AppStore|iPhone
		{C48516F7-721F-490F-AE3D-AF03BE1A89C2}.AppStore|iPhone.Build.0 = AppStore|iPhone
		{C48516F7-721F-490F-AE3D-AF03BE1A89C2}.AppStore|iPhoneSimulator.ActiveCfg = AppStore|iPhoneSimulator
		{C48516F7-721F-490F-AE3D-AF03BE1A89C2}.AppStore|iPhoneSimulator.Build.0 = AppStore|iPhoneSimulator
		{C48516F7-721F-490F-AE3D-AF03BE1A89C2}.AppStore|x64.ActiveCfg = AppStore|iPhone
		{C48516F7-721F-490F-AE3D-AF03BE1A89C2}.AppStore|x86.ActiveCfg = AppStore|iPhone
		{C48516F7-721F-490F-AE3D-AF03BE1A89C2}.Debug|Any CPU.ActiveCfg = Debug|iPhone
		{C48516F7-721F-490F-AE3D-AF03BE1A89C2}.Debug|Any CPU.Build.0 = Debug|iPhone
		{C48516F7-721F-490F-AE3D-AF03BE1A89C2}.Debug|ARM.ActiveCfg = Debug|iPhone
		{C48516F7-721F-490F-AE3D-AF03BE1A89C2}.Debug|iPhone.ActiveCfg = Debug|iPhone
		{C48516F7-721F-490F-AE3D-AF03BE1A89C2}.Debug|iPhone.Build.0 = Debug|iPhone
		{C48516F7-721F-490F-AE3D-AF03BE1A89C2}.Debug|iPhoneSimulator.ActiveCfg = Debug|iPhoneSimulator
		{C48516F7-721F-490F-AE3D-AF03BE1A89C2}.Debug|iPhoneSimulator.Build.0 = Debug|iPhoneSimulator
		{C48516F7-721F-490F-AE3D-AF03BE1A89C2}.Debug|x64.ActiveCfg = Debug|iPhone
		{C48516F7-721F-490F-AE3D-AF03BE1A89C2}.Debug|x86.ActiveCfg = Debug|iPhone
		{C48516F7-721F-490F-AE3D-AF03BE1A89C2}.Release|Any CPU.ActiveCfg = Release|iPhone
		{C48516F7-721F-490F-AE3D-AF03BE1A89C2}.Release|ARM.ActiveCfg = Release|iPhone
		{C48516F7-721F-490F-AE3D-AF03BE1A89C2}.Release|iPhone.ActiveCfg = Release|iPhone
		{C48516F7-721F-490F-AE3D-AF03BE1A89C2}.Release|iPhone.Build.0 = Release|iPhone
		{C48516F7-721F-490F-AE3D-AF03BE1A89C2}.Release|iPhoneSimulator.ActiveCfg = Release|iPhoneSimulator
		{C48516F7-721F-490F-AE3D-AF03BE1A89C2}.Release|iPhoneSimulator.Build.0 = Release|iPhoneSimulator
		{C48516F7-721F-490F-AE3D-AF03BE1A89C2}.Release|x64.ActiveCfg = Release|iPhone
		{C48516F7-721F-490F-AE3D-AF03BE1A89C2}.Release|x86.ActiveCfg = Release|iPhone
	EndGlobalSection
	GlobalSection(SolutionProperties) = preSolution
		HideSolutionNode = FALSE
	EndGlobalSection
EndGlobal
